<?xml version="1.0" encoding="utf-8"?>
<Project ToolsVersion="4.0" xmlns="http://schemas.microsoft.com/developer/msbuild/2003">
  <ItemGroup>
    <Filter Include="src">
    </Filter>
    <Filter Include="include">
    </Filter>
  </ItemGroup>
  <ItemGroup>
    <ClInclude Include="..\Common\Config.hpp">
      <Filter>include</Filter>
    </ClInclude>
    <ClInclude Include="GCacheCore.hpp">
      <Filter>src</Filter>
    </ClInclude>
    <ClInclude Include="..\Common\Platform.hpp">
      <Filter>include</Filter>
    </ClInclude>
    <ClInclude Include="MD5.hpp">
      <Filter>src</Filter>
    </ClInclude>
  </ItemGroup>
  <ItemGroup>
    <None Include="..\Common\Compiler.inl">
      <Filter>include</Filter>
    </None>
  </ItemGroup>
  <ItemGroup>
    <ClCompile Include="MD5.cpp">
      <Filter>src</Filter>
    </ClCompile>
  </ItemGroup>
</Project>