
Microsoft Visual Studio Solution File, Format Version 12.00
# Visual Studio Version 16
VisualStudioVersion = 16.0.29911.84
MinimumVisualStudioVersion = 10.0.40219.1
Project("{8BC9CEB8-8B4A-11D0-8D11-00A0C91BC942}") = "GCache", "GCache\GCache.vcxproj", "{271FC9FE-53D1-40D1-94EF-3C4DBCDF4653}"
	ProjectSection(ProjectDependencies) = postProject
		{86B5A2EE-5345-4374-95BC-890B65BF1562} = {86B5A2EE-5345-4374-95BC-890B65BF1562}
	EndProjectSection
EndProject
Project("{8BC9CEB8-8B4A-11D0-8D11-00A0C91BC942}") = "GCacheCore", "GCacheCore\GCacheCore.vcxproj", "{86B5A2EE-5345-4374-95BC-890B65BF1562}"
EndProject
Global
	GlobalSection(SolutionConfigurationPlatforms) = preSolution
		Debug|x64 = Debug|x64
		Debug|x86 = Debug|x86
		Release|x64 = Release|x64
		Release|x86 = Release|x86
	EndGlobalSection
	GlobalSection(ProjectConfigurationPlatforms) = postSolution
		{271FC9FE-53D1-40D1-94EF-3C4DBCDF4653}.Debug|x64.ActiveCfg = Debug|x64
		{271FC9FE-53D1-40D1-94EF-3C4DBCDF4653}.Debug|x64.Build.0 = Debug|x64
		{271FC9FE-53D1-40D1-94EF-3C4DBCDF4653}.Debug|x86.ActiveCfg = Debug|Win32
		{271FC9FE-53D1-40D1-94EF-3C4DBCDF4653}.Debug|x86.Build.0 = Debug|Win32
		{271FC9FE-53D1-40D1-94EF-3C4DBCDF4653}.Release|x64.ActiveCfg = Release|x64
		{271FC9FE-53D1-40D1-94EF-3C4DBCDF4653}.Release|x64.Build.0 = Release|x64
		{271FC9FE-53D1-40D1-94EF-3C4DBCDF4653}.Release|x86.ActiveCfg = Release|Win32
		{271FC9FE-53D1-40D1-94EF-3C4DBCDF4653}.Release|x86.Build.0 = Release|Win32
		{86B5A2EE-5345-4374-95BC-890B65BF1562}.Debug|x64.ActiveCfg = Debug|x64
		{86B5A2EE-5345-4374-95BC-890B65BF1562}.Debug|x64.Build.0 = Debug|x64
		{86B5A2EE-5345-4374-95BC-890B65BF1562}.Debug|x86.ActiveCfg = Debug|Win32
		{86B5A2EE-5345-4374-95BC-890B65BF1562}.Debug|x86.Build.0 = Debug|Win32
		{86B5A2EE-5345-4374-95BC-890B65BF1562}.Release|x64.ActiveCfg = Release|x64
		{86B5A2EE-5345-4374-95BC-890B65BF1562}.Release|x64.Build.0 = Release|x64
		{86B5A2EE-5345-4374-95BC-890B65BF1562}.Release|x86.ActiveCfg = Release|Win32
		{86B5A2EE-5345-4374-95BC-890B65BF1562}.Release|x86.Build.0 = Release|Win32
	EndGlobalSection
	GlobalSection(SolutionProperties) = preSolution
		HideSolutionNode = FALSE
	EndGlobalSection
	GlobalSection(ExtensibilityGlobals) = postSolution
		SolutionGuid = {E64328DF-C276-4553-B3C3-3E36DEF4BDF2}
	EndGlobalSection
EndGlobal
